{
    "_meta": {
        "hash": {
            "sha256": "3aef37c1f4f9bde0dd81d9d7a1ba255817accdc74f094c3e34a8bbb260dc4252"
        },
        "pipfile-spec": 6,
        "requires": {
            "python_version": "3.14"
        },
        "sources": [
            {
                "name": "pypi",
                "url": "https://pypi.org/simple",
                "verify_ssl": true
            }
        ]
    },
    "default": {
        "asgiref": {
            "hashes": [
                "sha256:5f184dc43b7e763efe848065441eac62229c9f7b0475f41f80e207a114eda4ce",
                "sha256:e8667a091e69529631969fd45dc268fa79b99c92c5fcdda727757e52146ec133"
            ],
            "markers": "python_version >= '3.9'",
            "version": "==3.11.1"
        },
        "django": {
            "hashes": [
                "sha256:2e5974441491ddb34c3f13d5e7a9f97b07ba03bf70234c0a9c68b79bbb235bc3",
                "sha256:90be765ee756af8a6cbd6693e56452404b5ad15294f4d5e40c0a55a0f4870fe1"
            ],
            "index": "pypi",
            "markers": "python_version >= '3.12'",
            "version": "==6.0.3"
        },
        "mysql-connector-python": {
            "hashes": [
                "sha256:011931f7392a1087e10d305b0303f2a20cc1af2c1c8a15cd5691609aa95dfcbd",
                "sha256:0fa18ead33cb699ea92005695077cef09aa494eebf51164ee30c891c3eaea90c",
                "sha256:1ed4b5c4761e5333035293e746683890e4ef2e818e515d14023fd80293bc31fa",
                "sha256:228000bb951810dad724821d04000174ffcc7fa94b4dcef884b17a3cdae07283",
                "sha256:3460ed976e1b88b7284335d9397a3c519dff56d71580ca1f76ff1c0c7714c813",
                "sha256:44b0fb57207ebc6ae05b5b21b7968a9ed33b29187fe87b38951bad2a334d75d5",
                "sha256:4617ef5216da7ca32dd46afda61a1552807762434127413bba46fbe4379f59d4",
                "sha256:477e86182aefbf693b71ff8bda7679ab4487af64c027759af831a70080aaaeac",
                "sha256:478e035ebcf734b3a1497bfd3eb72ce3632da6384545b08cf6329471b3849b6e",
                "sha256:4ae4e7780fad950a4f267dea5851048d160f5b71314a342cdbf30b154f1c74f7",
                "sha256:4bf932724a2702d8b9cde4bf764b843a35e85c59479a870997d37a2a68a5632d",
                "sha256:5095758dcb89a6bce2379f349da336c268c407129002b595c5dba82ce387e2a5",
                "sha256:61deca6e243fafbb3cf08ae27bd0c83d0f8188de8456e46aeba0d3db15bb7230",
                "sha256:8732ca0b7417b45238bcbfc7e64d9c4d62c759672207c6284f0921c366efddc7",
                "sha256:8d3e9252384e1b7f95b07020664f2673d9c29c5e95eeda2e048b3331e190b9d4",
                "sha256:9664e217c72dd6fb700f4c8512af90261f72d2f5d7c00c4e13e4c1e09bfa3d5e",
                "sha256:a08c2149d4b52a010c4353f18c84716d18114a4ecd00b466ea34138de2c640f2",
                "sha256:a26490cb029bf7b18a1d2093101105b3526a1036b51ad01553d30138f5beb8d2",
                "sha256:adabbc5e1475cdf5fb6f1902a25edc3bd1e0726fa45f01ab1b8f479ff43b3337",
                "sha256:b00228b985edd208b20f45c5e684c54e08e31e01bc1d8c3c18a36641c3be5bf7",
                "sha256:b507372c060eb39e2a10ebcb3eb1b12e1778b0120808062fc23e3856268cd2d9",
                "sha256:b5212372aff6833473d2560ac87d3df9fb2498d0faacb7ebf231d947175fa36a",
                "sha256:bc782f64ca00b6b933d4c6a35568f1349d115cc4434c849b5b9edc015bee3e62",
                "sha256:c180e0b4100d7402e03993bfac5c97d18e01d7ca9d198d742fffc245077f8ffe",
                "sha256:c453bb55347174d87504b534246fb10c589daf5d057515bf615627198a3c7ef1",
                "sha256:e2cc13cd3dcdb845d636e52c4e7a9509b63da09bec6ce1b3696be53a79847e2d",
                "sha256:e86e45a7b540ca09af8a18ecfa761e0cdeccfdb62818331614ec030ae44bfd26"
            ],
            "index": "pypi",
            "markers": "python_version >= '3.10'",
            "version": "==9.6.0"
        },
        "sqlparse": {
            "hashes": [
                "sha256:12a08b3bf3eec877c519589833aed092e2444e68240a3577e8e26148acc7b1ba",
                "sha256:e20d4a9b0b8585fdf63b10d30066c7c94c5d7a7ec47c889a2d83a3caa93ff28e"
            ],
            "markers": "python_version >= '3.8'",
            "version": "==0.5.5"
        }
    },
    "develop": {}
}
